
Microsoft Visual Studio Solution File, Format Version 10.00
# Visual Studio 2008
Project("{8BC9CEB8-8B4A-11D0-8D11-00A0C91BC942}") = "downloadsdk", "sdk\download.vcproj", "{C6DDE500-13C9-421A-93A4-73116A80CB42}"
	ProjectSection(ProjectDependencies) = postProject
		{EA6E7F50-55B5-48D9-AF42-462B8D1E8D77} = {EA6E7F50-55B5-48D9-AF42-462B8D1E8D77}
		{25605F92-0B23-455B-A5AD-71390395C515} = {25605F92-0B23-455B-A5AD-71390395C515}
	EndProjectSection
EndProject
Project("{8BC9CEB8-8B4A-11D0-8D11-00A0C91BC942}") = "urdl", "3rdparty\urdl\urdl.vcproj", "{25605F92-0B23-455B-A5AD-71390395C515}"
EndProject
Project("{8BC9CEB8-8B4A-11D0-8D11-00A0C91BC942}") = "get_download_info", "sdk\examples\get_download_info\get_download_info.vcproj", "{E0F0CACA-D8AE-4277-A7A9-99CCAC922F73}"
	ProjectSection(ProjectDependencies) = postProject
		{C6DDE500-13C9-421A-93A4-73116A80CB42} = {C6DDE500-13C9-421A-93A4-73116A80CB42}
		{EA6E7F50-55B5-48D9-AF42-462B8D1E8D77} = {EA6E7F50-55B5-48D9-AF42-462B8D1E8D77}
		{4B0F4582-0A65-4678-9DB9-3DEC65ACF71C} = {4B0F4582-0A65-4678-9DB9-3DEC65ACF71C}
	EndProjectSection
EndProject
Project("{8BC9CEB8-8B4A-11D0-8D11-00A0C91BC942}") = "get_download_info_async", "sdk\examples\get_download_info_async\get_download_info_async.vcproj", "{5A36ED5A-4938-4734-BA80-A8C5FB3E055D}"
	ProjectSection(ProjectDependencies) = postProject
		{C6DDE500-13C9-421A-93A4-73116A80CB42} = {C6DDE500-13C9-421A-93A4-73116A80CB42}
		{EA6E7F50-55B5-48D9-AF42-462B8D1E8D77} = {EA6E7F50-55B5-48D9-AF42-462B8D1E8D77}
		{4B0F4582-0A65-4678-9DB9-3DEC65ACF71C} = {4B0F4582-0A65-4678-9DB9-3DEC65ACF71C}
	EndProjectSection
EndProject
Project("{8BC9CEB8-8B4A-11D0-8D11-00A0C91BC942}") = "http_download", "sdk\examples\http_download\http_download.vcproj", "{2C968728-654F-458B-A806-142594A98EAD}"
	ProjectSection(ProjectDependencies) = postProject
		{C6DDE500-13C9-421A-93A4-73116A80CB42} = {C6DDE500-13C9-421A-93A4-73116A80CB42}
		{EA6E7F50-55B5-48D9-AF42-462B8D1E8D77} = {EA6E7F50-55B5-48D9-AF42-462B8D1E8D77}
	EndProjectSection
EndProject
Project("{8BC9CEB8-8B4A-11D0-8D11-00A0C91BC942}") = "download_youtube", "sdk\examples\download_youtube\download_youtube.vcproj", "{184AA864-A081-4C87-A3A5-E803FA8ED58F}"
	ProjectSection(ProjectDependencies) = postProject
		{C6DDE500-13C9-421A-93A4-73116A80CB42} = {C6DDE500-13C9-421A-93A4-73116A80CB42}
		{EA6E7F50-55B5-48D9-AF42-462B8D1E8D77} = {EA6E7F50-55B5-48D9-AF42-462B8D1E8D77}
		{4B0F4582-0A65-4678-9DB9-3DEC65ACF71C} = {4B0F4582-0A65-4678-9DB9-3DEC65ACF71C}
		{FE31F4EB-78C3-420F-8A86-D95DEA4ED5DA} = {FE31F4EB-78C3-420F-8A86-D95DEA4ED5DA}
	EndProjectSection
EndProject
Project("{2150E333-8FDC-42A3-9474-1A3956D46DE8}") = "Examples", "Examples", "{5030E608-15D6-47EC-B47A-BFEBD6042144}"
EndProject
Project("{8BC9CEB8-8B4A-11D0-8D11-00A0C91BC942}") = "read_audio", "sdk\examples\read_audio\read_audio.vcproj", "{7D8F8E6A-CFD7-488A-BE57-9FDBDFB74148}"
	ProjectSection(ProjectDependencies) = postProject
		{EA6E7F50-55B5-48D9-AF42-462B8D1E8D77} = {EA6E7F50-55B5-48D9-AF42-462B8D1E8D77}
		{FE31F4EB-78C3-420F-8A86-D95DEA4ED5DA} = {FE31F4EB-78C3-420F-8A86-D95DEA4ED5DA}
	EndProjectSection
EndProject
Project("{8BC9CEB8-8B4A-11D0-8D11-00A0C91BC942}") = "mediasdk", "sdk\media.vcproj", "{FE31F4EB-78C3-420F-8A86-D95DEA4ED5DA}"
	ProjectSection(ProjectDependencies) = postProject
		{EA6E7F50-55B5-48D9-AF42-462B8D1E8D77} = {EA6E7F50-55B5-48D9-AF42-462B8D1E8D77}
		{25605F92-0B23-455B-A5AD-71390395C515} = {25605F92-0B23-455B-A5AD-71390395C515}
	EndProjectSection
EndProject
Project("{8BC9CEB8-8B4A-11D0-8D11-00A0C91BC942}") = "commonsdk", "sdk\common.vcproj", "{EA6E7F50-55B5-48D9-AF42-462B8D1E8D77}"
	ProjectSection(ProjectDependencies) = postProject
		{25605F92-0B23-455B-A5AD-71390395C515} = {25605F92-0B23-455B-A5AD-71390395C515}
	EndProjectSection
EndProject
Project("{2150E333-8FDC-42A3-9474-1A3956D46DE8}") = "3dparty", "3dparty", "{A11729F6-A72F-438A-BDCA-A18EBB0A00F7}"
EndProject
Project("{8BC9CEB8-8B4A-11D0-8D11-00A0C91BC942}") = "video2mp3", "sdk\examples\video2mp3\video2mp3.vcproj", "{90440E80-C150-4D21-969A-093CB831431C}"
	ProjectSection(ProjectDependencies) = postProject
		{FE31F4EB-78C3-420F-8A86-D95DEA4ED5DA} = {FE31F4EB-78C3-420F-8A86-D95DEA4ED5DA}
	EndProjectSection
EndProject
Project("{8BC9CEB8-8B4A-11D0-8D11-00A0C91BC942}") = "portaudio++", "3rdparty\portaudio++\portaudio++.vcproj", "{C499C761-9243-4CA2-9222-60DDFE006135}"
EndProject
Project("{8BC9CEB8-8B4A-11D0-8D11-00A0C91BC942}") = "videodownloadsdk", "sdk\videodownload.vcproj", "{4B0F4582-0A65-4678-9DB9-3DEC65ACF71C}"
	ProjectSection(ProjectDependencies) = postProject
		{C6DDE500-13C9-421A-93A4-73116A80CB42} = {C6DDE500-13C9-421A-93A4-73116A80CB42}
		{EA6E7F50-55B5-48D9-AF42-462B8D1E8D77} = {EA6E7F50-55B5-48D9-AF42-462B8D1E8D77}
	EndProjectSection
EndProject
Global
	GlobalSection(SolutionConfigurationPlatforms) = preSolution
		Debug|Win32 = Debug|Win32
		Release|Win32 = Release|Win32
		ReleaseNASM|Win32 = ReleaseNASM|Win32
	EndGlobalSection
	GlobalSection(ProjectConfigurationPlatforms) = postSolution
		{C6DDE500-13C9-421A-93A4-73116A80CB42}.Debug|Win32.ActiveCfg = Debug|Win32
		{C6DDE500-13C9-421A-93A4-73116A80CB42}.Debug|Win32.Build.0 = Debug|Win32
		{C6DDE500-13C9-421A-93A4-73116A80CB42}.Release|Win32.ActiveCfg = Release|Win32
		{C6DDE500-13C9-421A-93A4-73116A80CB42}.Release|Win32.Build.0 = Release|Win32
		{C6DDE500-13C9-421A-93A4-73116A80CB42}.ReleaseNASM|Win32.ActiveCfg = Release|Win32
		{C6DDE500-13C9-421A-93A4-73116A80CB42}.ReleaseNASM|Win32.Build.0 = Release|Win32
		{25605F92-0B23-455B-A5AD-71390395C515}.Debug|Win32.ActiveCfg = Debug|Win32
		{25605F92-0B23-455B-A5AD-71390395C515}.Debug|Win32.Build.0 = Debug|Win32
		{25605F92-0B23-455B-A5AD-71390395C515}.Release|Win32.ActiveCfg = Release|Win32
		{25605F92-0B23-455B-A5AD-71390395C515}.Release|Win32.Build.0 = Release|Win32
		{25605F92-0B23-455B-A5AD-71390395C515}.ReleaseNASM|Win32.ActiveCfg = Release|Win32
		{25605F92-0B23-455B-A5AD-71390395C515}.ReleaseNASM|Win32.Build.0 = Release|Win32
		{E0F0CACA-D8AE-4277-A7A9-99CCAC922F73}.Debug|Win32.ActiveCfg = Debug|Win32
		{E0F0CACA-D8AE-4277-A7A9-99CCAC922F73}.Debug|Win32.Build.0 = Debug|Win32
		{E0F0CACA-D8AE-4277-A7A9-99CCAC922F73}.Release|Win32.ActiveCfg = Release|Win32
		{E0F0CACA-D8AE-4277-A7A9-99CCAC922F73}.Release|Win32.Build.0 = Release|Win32
		{E0F0CACA-D8AE-4277-A7A9-99CCAC922F73}.ReleaseNASM|Win32.ActiveCfg = Release|Win32
		{E0F0CACA-D8AE-4277-A7A9-99CCAC922F73}.ReleaseNASM|Win32.Build.0 = Release|Win32
		{5A36ED5A-4938-4734-BA80-A8C5FB3E055D}.Debug|Win32.ActiveCfg = Debug|Win32
		{5A36ED5A-4938-4734-BA80-A8C5FB3E055D}.Debug|Win32.Build.0 = Debug|Win32
		{5A36ED5A-4938-4734-BA80-A8C5FB3E055D}.Release|Win32.ActiveCfg = Release|Win32
		{5A36ED5A-4938-4734-BA80-A8C5FB3E055D}.Release|Win32.Build.0 = Release|Win32
		{5A36ED5A-4938-4734-BA80-A8C5FB3E055D}.ReleaseNASM|Win32.ActiveCfg = Release|Win32
		{5A36ED5A-4938-4734-BA80-A8C5FB3E055D}.ReleaseNASM|Win32.Build.0 = Release|Win32
		{2C968728-654F-458B-A806-142594A98EAD}.Debug|Win32.ActiveCfg = Debug|Win32
		{2C968728-654F-458B-A806-142594A98EAD}.Debug|Win32.Build.0 = Debug|Win32
		{2C968728-654F-458B-A806-142594A98EAD}.Release|Win32.ActiveCfg = Release|Win32
		{2C968728-654F-458B-A806-142594A98EAD}.Release|Win32.Build.0 = Release|Win32
		{2C968728-654F-458B-A806-142594A98EAD}.ReleaseNASM|Win32.ActiveCfg = Release|Win32
		{2C968728-654F-458B-A806-142594A98EAD}.ReleaseNASM|Win32.Build.0 = Release|Win32
		{184AA864-A081-4C87-A3A5-E803FA8ED58F}.Debug|Win32.ActiveCfg = Debug|Win32
		{184AA864-A081-4C87-A3A5-E803FA8ED58F}.Debug|Win32.Build.0 = Debug|Win32
		{184AA864-A081-4C87-A3A5-E803FA8ED58F}.Release|Win32.ActiveCfg = Release|Win32
		{184AA864-A081-4C87-A3A5-E803FA8ED58F}.Release|Win32.Build.0 = Release|Win32
		{184AA864-A081-4C87-A3A5-E803FA8ED58F}.ReleaseNASM|Win32.ActiveCfg = Release|Win32
		{184AA864-A081-4C87-A3A5-E803FA8ED58F}.ReleaseNASM|Win32.Build.0 = Release|Win32
		{7D8F8E6A-CFD7-488A-BE57-9FDBDFB74148}.Debug|Win32.ActiveCfg = Debug|Win32
		{7D8F8E6A-CFD7-488A-BE57-9FDBDFB74148}.Debug|Win32.Build.0 = Debug|Win32
		{7D8F8E6A-CFD7-488A-BE57-9FDBDFB74148}.Release|Win32.ActiveCfg = Release|Win32
		{7D8F8E6A-CFD7-488A-BE57-9FDBDFB74148}.Release|Win32.Build.0 = Release|Win32
		{7D8F8E6A-CFD7-488A-BE57-9FDBDFB74148}.ReleaseNASM|Win32.ActiveCfg = Release|Win32
		{7D8F8E6A-CFD7-488A-BE57-9FDBDFB74148}.ReleaseNASM|Win32.Build.0 = Release|Win32
		{FE31F4EB-78C3-420F-8A86-D95DEA4ED5DA}.Debug|Win32.ActiveCfg = Debug|Win32
		{FE31F4EB-78C3-420F-8A86-D95DEA4ED5DA}.Debug|Win32.Build.0 = Debug|Win32
		{FE31F4EB-78C3-420F-8A86-D95DEA4ED5DA}.Release|Win32.ActiveCfg = Release|Win32
		{FE31F4EB-78C3-420F-8A86-D95DEA4ED5DA}.Release|Win32.Build.0 = Release|Win32
		{FE31F4EB-78C3-420F-8A86-D95DEA4ED5DA}.ReleaseNASM|Win32.ActiveCfg = Release|Win32
		{FE31F4EB-78C3-420F-8A86-D95DEA4ED5DA}.ReleaseNASM|Win32.Build.0 = Release|Win32
		{EA6E7F50-55B5-48D9-AF42-462B8D1E8D77}.Debug|Win32.ActiveCfg = Debug|Win32
		{EA6E7F50-55B5-48D9-AF42-462B8D1E8D77}.Debug|Win32.Build.0 = Debug|Win32
		{EA6E7F50-55B5-48D9-AF42-462B8D1E8D77}.Release|Win32.ActiveCfg = Release|Win32
		{EA6E7F50-55B5-48D9-AF42-462B8D1E8D77}.Release|Win32.Build.0 = Release|Win32
		{EA6E7F50-55B5-48D9-AF42-462B8D1E8D77}.ReleaseNASM|Win32.ActiveCfg = Release|Win32
		{EA6E7F50-55B5-48D9-AF42-462B8D1E8D77}.ReleaseNASM|Win32.Build.0 = Release|Win32
		{90440E80-C150-4D21-969A-093CB831431C}.Debug|Win32.ActiveCfg = Debug|Win32
		{90440E80-C150-4D21-969A-093CB831431C}.Debug|Win32.Build.0 = Debug|Win32
		{90440E80-C150-4D21-969A-093CB831431C}.Release|Win32.ActiveCfg = Release|Win32
		{90440E80-C150-4D21-969A-093CB831431C}.Release|Win32.Build.0 = Release|Win32
		{90440E80-C150-4D21-969A-093CB831431C}.ReleaseNASM|Win32.ActiveCfg = Release|Win32
		{90440E80-C150-4D21-969A-093CB831431C}.ReleaseNASM|Win32.Build.0 = Release|Win32
		{C499C761-9243-4CA2-9222-60DDFE006135}.Debug|Win32.ActiveCfg = Debug|Win32
		{C499C761-9243-4CA2-9222-60DDFE006135}.Debug|Win32.Build.0 = Debug|Win32
		{C499C761-9243-4CA2-9222-60DDFE006135}.Release|Win32.ActiveCfg = Release|Win32
		{C499C761-9243-4CA2-9222-60DDFE006135}.Release|Win32.Build.0 = Release|Win32
		{C499C761-9243-4CA2-9222-60DDFE006135}.ReleaseNASM|Win32.ActiveCfg = Release|Win32
		{C499C761-9243-4CA2-9222-60DDFE006135}.ReleaseNASM|Win32.Build.0 = Release|Win32
		{F2DCB0FA-EBB6-4436-B448-EDAE5497869D}.Debug|Win32.ActiveCfg = Debug|Win32
		{F2DCB0FA-EBB6-4436-B448-EDAE5497869D}.Debug|Win32.Build.0 = Debug|Win32
		{F2DCB0FA-EBB6-4436-B448-EDAE5497869D}.Release|Win32.ActiveCfg = Release|Win32
		{F2DCB0FA-EBB6-4436-B448-EDAE5497869D}.Release|Win32.Build.0 = Release|Win32
		{F2DCB0FA-EBB6-4436-B448-EDAE5497869D}.ReleaseNASM|Win32.ActiveCfg = Release|Win32
		{F2DCB0FA-EBB6-4436-B448-EDAE5497869D}.ReleaseNASM|Win32.Build.0 = Release|Win32
		{4B0F4582-0A65-4678-9DB9-3DEC65ACF71C}.Debug|Win32.ActiveCfg = Debug|Win32
		{4B0F4582-0A65-4678-9DB9-3DEC65ACF71C}.Debug|Win32.Build.0 = Debug|Win32
		{4B0F4582-0A65-4678-9DB9-3DEC65ACF71C}.Release|Win32.ActiveCfg = Release|Win32
		{4B0F4582-0A65-4678-9DB9-3DEC65ACF71C}.Release|Win32.Build.0 = Release|Win32
		{4B0F4582-0A65-4678-9DB9-3DEC65ACF71C}.ReleaseNASM|Win32.ActiveCfg = Release|Win32
		{4B0F4582-0A65-4678-9DB9-3DEC65ACF71C}.ReleaseNASM|Win32.Build.0 = Release|Win32
	EndGlobalSection
	GlobalSection(SolutionProperties) = preSolution
		HideSolutionNode = FALSE
	EndGlobalSection
	GlobalSection(NestedProjects) = preSolution
		{25605F92-0B23-455B-A5AD-71390395C515} = {A11729F6-A72F-438A-BDCA-A18EBB0A00F7}
		{C499C761-9243-4CA2-9222-60DDFE006135} = {A11729F6-A72F-438A-BDCA-A18EBB0A00F7}
		{5A36ED5A-4938-4734-BA80-A8C5FB3E055D} = {5030E608-15D6-47EC-B47A-BFEBD6042144}
		{2C968728-654F-458B-A806-142594A98EAD} = {5030E608-15D6-47EC-B47A-BFEBD6042144}
		{184AA864-A081-4C87-A3A5-E803FA8ED58F} = {5030E608-15D6-47EC-B47A-BFEBD6042144}
		{E0F0CACA-D8AE-4277-A7A9-99CCAC922F73} = {5030E608-15D6-47EC-B47A-BFEBD6042144}
		{7D8F8E6A-CFD7-488A-BE57-9FDBDFB74148} = {5030E608-15D6-47EC-B47A-BFEBD6042144}
		{90440E80-C150-4D21-969A-093CB831431C} = {5030E608-15D6-47EC-B47A-BFEBD6042144}
	EndGlobalSection
EndGlobal
